
Microsoft Visual Studio Solution File, Format Version 12.00
# Visual Studio 15
VisualStudioVersion = 15.0.26730.15
MinimumVisualStudioVersion = 10.0.40219.1
Project("{9A19103F-16F7-4668-BE54-9A1E7A4F7556}") = "Mlpp", "Mlpp\Mlpp.csproj", "{F4D04C7D-1FF2-467C-AFDE-41D37230B80A}"
EndProject
Project("{2150E333-8FDC-42A3-9474-1A3956D46DE8}") = "Clients", "Clients", "{7FFF50B0-7624-48D3-8370-EECEBC5A431E}"
EndProject
Project("{2150E333-8FDC-42A3-9474-1A3956D46DE8}") = "Core", "Core", "{3D6BDC23-0827-4A21-AF82-45D8B5D9B13F}"
EndProject
Project("{9A19103F-16F7-4668-BE54-9A1E7A4F7556}") = "Mlpp.ApplicationService", "Mlpp.ApplicationService\Mlpp.ApplicationService.csproj", "{491EC744-0BC2-4C87-9827-32921397BA4C}"
EndProject
Project("{9A19103F-16F7-4668-BE54-9A1E7A4F7556}") = "Mlpp.Domain", "Mlpp.Domain\Mlpp.Domain.csproj", "{29C5B687-B5E7-4924-B9E8-337563ECB363}"
EndProject
Project("{9A19103F-16F7-4668-BE54-9A1E7A4F7556}") = "Mlpp.QueryService", "Mlpp.QueryService\Mlpp.QueryService.csproj", "{4A793F29-79FE-4F54-8D4F-F79168F9C15A}"
EndProject
Project("{9A19103F-16F7-4668-BE54-9A1E7A4F7556}") = "Mlpp.Infrastructure", "Mlpp.Infrastructure\Mlpp.Infrastructure.csproj", "{C617B5EB-B820-4D63-A941-7C9C5CC22368}"
EndProject
Project("{FAE04EC0-301F-11D3-BF4B-00C04F79EFBC}") = "Mlpp.Toolkit", "Mlpp.Toolkit\Mlpp.Toolkit.csproj", "{0A1CED78-321E-4A34-ADF7-B411E553FE5B}"
EndProject
Global
	GlobalSection(SolutionConfigurationPlatforms) = preSolution
		Debug|Any CPU = Debug|Any CPU
		Release|Any CPU = Release|Any CPU
	EndGlobalSection
	GlobalSection(ProjectConfigurationPlatforms) = postSolution
		{F4D04C7D-1FF2-467C-AFDE-41D37230B80A}.Debug|Any CPU.ActiveCfg = Debug|Any CPU
		{F4D04C7D-1FF2-467C-AFDE-41D37230B80A}.Debug|Any CPU.Build.0 = Debug|Any CPU
		{F4D04C7D-1FF2-467C-AFDE-41D37230B80A}.Release|Any CPU.ActiveCfg = Release|Any CPU
		{F4D04C7D-1FF2-467C-AFDE-41D37230B80A}.Release|Any CPU.Build.0 = Release|Any CPU
		{491EC744-0BC2-4C87-9827-32921397BA4C}.Debug|Any CPU.ActiveCfg = Debug|Any CPU
		{491EC744-0BC2-4C87-9827-32921397BA4C}.Debug|Any CPU.Build.0 = Debug|Any CPU
		{491EC744-0BC2-4C87-9827-32921397BA4C}.Release|Any CPU.ActiveCfg = Release|Any CPU
		{491EC744-0BC2-4C87-9827-32921397BA4C}.Release|Any CPU.Build.0 = Release|Any CPU
		{29C5B687-B5E7-4924-B9E8-337563ECB363}.Debug|Any CPU.ActiveCfg = Debug|Any CPU
		{29C5B687-B5E7-4924-B9E8-337563ECB363}.Debug|Any CPU.Build.0 = Debug|Any CPU
		{29C5B687-B5E7-4924-B9E8-337563ECB363}.Release|Any CPU.ActiveCfg = Release|Any CPU
		{29C5B687-B5E7-4924-B9E8-337563ECB363}.Release|Any CPU.Build.0 = Release|Any CPU
		{4A793F29-79FE-4F54-8D4F-F79168F9C15A}.Debug|Any CPU.ActiveCfg = Debug|Any CPU
		{4A793F29-79FE-4F54-8D4F-F79168F9C15A}.Debug|Any CPU.Build.0 = Debug|Any CPU
		{4A793F29-79FE-4F54-8D4F-F79168F9C15A}.Release|Any CPU.ActiveCfg = Release|Any CPU
		{4A793F29-79FE-4F54-8D4F-F79168F9C15A}.Release|Any CPU.Build.0 = Release|Any CPU
		{C617B5EB-B820-4D63-A941-7C9C5CC22368}.Debug|Any CPU.ActiveCfg = Debug|Any CPU
		{C617B5EB-B820-4D63-A941-7C9C5CC22368}.Debug|Any CPU.Build.0 = Debug|Any CPU
		{C617B5EB-B820-4D63-A941-7C9C5CC22368}.Release|Any CPU.ActiveCfg = Release|Any CPU
		{C617B5EB-B820-4D63-A941-7C9C5CC22368}.Release|Any CPU.Build.0 = Release|Any CPU
		{0A1CED78-321E-4A34-ADF7-B411E553FE5B}.Debug|Any CPU.ActiveCfg = Debug|Any CPU
		{0A1CED78-321E-4A34-ADF7-B411E553FE5B}.Debug|Any CPU.Build.0 = Debug|Any CPU
		{0A1CED78-321E-4A34-ADF7-B411E553FE5B}.Release|Any CPU.ActiveCfg = Release|Any CPU
		{0A1CED78-321E-4A34-ADF7-B411E553FE5B}.Release|Any CPU.Build.0 = Release|Any CPU
	EndGlobalSection
	GlobalSection(SolutionProperties) = preSolution
		HideSolutionNode = FALSE
	EndGlobalSection
	GlobalSection(NestedProjects) = preSolution
		{F4D04C7D-1FF2-467C-AFDE-41D37230B80A} = {7FFF50B0-7624-48D3-8370-EECEBC5A431E}
		{491EC744-0BC2-4C87-9827-32921397BA4C} = {3D6BDC23-0827-4A21-AF82-45D8B5D9B13F}
		{29C5B687-B5E7-4924-B9E8-337563ECB363} = {3D6BDC23-0827-4A21-AF82-45D8B5D9B13F}
		{4A793F29-79FE-4F54-8D4F-F79168F9C15A} = {3D6BDC23-0827-4A21-AF82-45D8B5D9B13F}
		{C617B5EB-B820-4D63-A941-7C9C5CC22368} = {3D6BDC23-0827-4A21-AF82-45D8B5D9B13F}
		{0A1CED78-321E-4A34-ADF7-B411E553FE5B} = {3D6BDC23-0827-4A21-AF82-45D8B5D9B13F}
	EndGlobalSection
	GlobalSection(ExtensibilityGlobals) = postSolution
		SolutionGuid = {571B848A-ADE3-4A3F-B842-E5F7E36AD343}
	EndGlobalSection
EndGlobal
